Microsoft Visual Studio Solution File, Format Version 11.00
# Visual Studio 2008

Project("{DC885AB1-EF3B-2027-DBBC-501F66A3CA11}") = "theRedFrontier", "Assembly-CSharp.csproj", "{132656FD-90E8-D313-B4A7-D76B4C5F6203}"
EndProject
Project("{DC885AB1-EF3B-2027-DBBC-501F66A3CA11}") = "theRedFrontier", "Assembly-UnityScript.unityproj", "{193202D4-AF33-F544-6E2D-71C60B9AAACC}"
EndProject
Global
	GlobalSection(SolutionConfigurationPlatforms) = preSolution
		Debug|Any CPU = Debug|Any CPU
		Release|Any CPU = Release|Any CPU
	EndGlobalSection
	GlobalSection(ProjectConfigurationPlatforms) = postSolution
		{132656FD-90E8-D313-B4A7-D76B4C5F6203}.Debug|Any CPU.ActiveCfg = Debug|Any CPU
		{132656FD-90E8-D313-B4A7-D76B4C5F6203}.Debug|Any CPU.Build.0 = Debug|Any CPU
		{132656FD-90E8-D313-B4A7-D76B4C5F6203}.Release|Any CPU.ActiveCfg = Release|Any CPU
		{132656FD-90E8-D313-B4A7-D76B4C5F6203}.Release|Any CPU.Build.0 = Release|Any CPU
		{193202D4-AF33-F544-6E2D-71C60B9AAACC}.Debug|Any CPU.ActiveCfg = Debug|Any CPU
		{193202D4-AF33-F544-6E2D-71C60B9AAACC}.Debug|Any CPU.Build.0 = Debug|Any CPU
		{193202D4-AF33-F544-6E2D-71C60B9AAACC}.Release|Any CPU.ActiveCfg = Release|Any CPU
		{193202D4-AF33-F544-6E2D-71C60B9AAACC}.Release|Any CPU.Build.0 = Release|Any CPU
	EndGlobalSection
	GlobalSection(SolutionProperties) = preSolution
		HideSolutionNode = FALSE
	EndGlobalSection
																																																	GlobalSection(MonoDevelopProperties) = preSolution
		StartupItem = Assembly-CSharp.csproj
		Policies = $0
		$0.TextStylePolicy = $1
		$1.inheritsSet = null
		$1.scope = text/x-csharp
		$0.CSharpFormattingPolicy = $2
		$2.inheritsSet = Mono
		$2.inheritsScope = text/x-csharp
		$2.scope = text/x-csharp
		$0.TextStylePolicy = $3
		$3.FileWidth = 120
		$3.TabWidth = 4
		$3.EolMarker = Unix
		$3.inheritsSet = Mono
		$3.inheritsScope = text/plain
		$3.scope = text/plain
	EndGlobalSection

EndGlobal
